github.com/davecgh/go-spew v1.1.0/go.mod h1:J7Y8YcW2NihsgmVo/mv3lAwl/skON4iLHjSsI+c5H38=
github.com/davecgh/go-spew v1.1.1 h1:vj9j/u1bqnvCEfJOwUhtlOARqs3+rkHYY13jYWTU97c=
github.com/davecgh/go-spew v1.1.1/go.mod h1:J7Y8YcW2NihsgmVo/mv3lAwl/skON4iLHjSsI+c5H38=
github.com/ebitengine/purego v0.4.1 h1:atcZEBdukuoClmy7TI89amtqAsJUzDQyY/JU7HaK+io=
github.com/ebitengine/purego v0.4.1/go.mod h1:ah1In8AOtksoNK6yk5z1HTJeUkC1Ez4Wk2idgGslMwQ=
github.com/google/go-cmp v0.5.6/go.mod h1:v8dTdLbMG2kIc/vJvl+f65V22dbkXbowE6jgT/gNBxE=
github.com/google/go-cmp v0.7.0 h1:wk8382ETsv4JYUZwIsn6YpYiWiBsYLSJiTsyBybVuN8=
github.com/google/go-cmp v0.7.0/go.mod h1:pXiqmnSA92OHEEa9HXL2W4E7lf9JzCmGVUdgjX3N/iU=
github.com/google/uuid v1.6.0 h1:NIvaJDMOsjHA8n1jAhLSgzrAzy1Hgr+hNrb57e+94F0=
github.com/google/uuid v1.6.0/go.mod h1:TIyPZe4MgqvfeYDBFedMoGGpEw/LqOeaOT+nhxU+yHo=
github.com/hajimehoshi/oto/v2 v2.4.3 h1:E+vVhzF2WHuw/UK+aLQh1Spqj+thgsAAg4rbSx+JySI=
github.com/hajimehoshi/oto/v2 v2.4.3/go.mod h1:Yx9MTrWMeSS6MqkjacVZAicmJ1bqA1SlgCQmk3ybx1E=
github.com/ollama/ollama v0.12.9 h1:qvhEcBZtaTTiXoe/elPnKsbf3z0s0bmU9urCIYUkV54=
github.com/ollama/ollama v0.12.9/go.mod h1:9+1//yWPsDE2u+l1a5mpaKrYw4VdnSsRU3ioq5BvMms=
github.com/pkg/errors v0.9.1 h1:FEBLx1zS214owpjy7qsBeixbURkuhQAwrK5UwLGTwt4=
github.com/pkg/errors v0.9.1/go.mod h1:bwawxfHBFNV+L2hUp1rHADufV3IMtnDRdf1r5NINEl0=
github.com/pmezard/go-difflib v1.0.0 h1:4DBwDE0NGyQoBHbLQYPwSUPoCMWR5BEzIk/f1lZbAQM=
github.com/pmezard/go-difflib v1.0.0/go.mod h1:iKH77koFhYxTK1pcRnkKkqfTogsbg7gZNVY4sRDYZ/4=
github.com/robfig/cron/v3 v3.0.1 h1:WdRxkvbJztn8LMz/QEvLN5sBU+xKpSqwwUO1Pjr4qDs=
github.com/robfig/cron/v3 v3.0.1/go.mod h1:eQICP3HwyT7UooqI/z+Ov+PtYAWygg1TEWWzGIFLtro=
github.com/stretchr/objx v0.1.0/go.mod h1:HFkY916IF+rwdDfMAkV7OtwuqBVzrE8GR6GFx+wExME=
github.com/stretchr/testify v1.6.1/go.mod h1:6Fq8oRcR53rry900zMqJjRRixrwX3KX962/h/Wwjteg=
github.com/stretchr/testify v1.9.0 h1:HtqpIVDClZ4nwg75+f6Lvsy/wHu+3BoSGCbBAcpTsTg=
github.com/stretchr/testify v1.9.0/go.mod h1:r2ic/lqez/lEtzL7wO/rwa5dbSLXVDPFyf8C91i36aY=
github.com/warthog618/go-gpiocdev v0.9.1 h1:pwHPaqjJfhCipIQl78V+O3l9OKHivdRDdmgXYbmhuCI=
github.com/warthog618/go-gpiocdev v0.9.1/go.mod h1:dN3e3t/S2aSNC+hgigGE/dBW8jE1ONk9bDSEYfoPyl8=
github.com/warthog618/go-gpiosim v0.1.1 h1:MRAEv+T+itmw+3GeIGpQJBfanUVyg0l3JCTwHtwdre4=
github.com/warthog618/go-gpiosim v0.1.1/go.mod h1:YXsnB+I9jdCMY4YAlMSRrlts25ltjmuIsrnoUrBLdqU=
github.com/youpy/go-riff v0.1.0 h1:vZO/37nI4tIET8tQI0Qn0Y79qQh99aEpponTPiPut7k=
github.com/youpy/go-riff v0.1.0/go.mod h1:83nxdDV4Z9RzrTut9losK7ve4hUnxUR8ASSz4BsKXwQ=
github.com/youpy/go-wav v0.3.2 h1:NLM8L/7yZ0Bntadw/0h95OyUsen+DQIVf9gay+SUsMU=
github.com/youpy/go-wav v0.3.2/go.mod h1:0FCieAXAeSdcxFfwLpRuEo0PFmAoc+8NU34h7TUvk50=
github.com/zaf/g711 v0.0.0-20190814101024-76a4a538f52b h1:QqixIpc5WFIqTLxB3Hq8qs0qImAgBdq0p6rq2Qdl634=
github.com/zaf/g711 v0.0.0-20190814101024-76a4a538f52b/go.mod h1:T2h1zV50R/q0CVYnsQOQ6L7P4a2ZxH47ixWcMXFGyx8=
golang.org/x/crypto v0.36.0 h1:AnAEvhDddvBdpY+uR+MyHmuZzzNqXSe/GvuDeob5L34=
golang.org/x/crypto v0.36.0/go.mod h1:Y4J0ReaxCR1IMaabaSMugxJES1EpwhBHhv2bDHklZvc=
golang.org/x/sys v0.31.0 h1:ioabZlmFYtWhL+TRYpcnNlLwhyxaM9kWTDEmfnprqik=
golang.org/x/sys v0.31.0/go.mod h1:BJP2sWEmIv4KK5OTEluFJCKSidICx8ciO85XgH3Ak8k=
golang.org/x/term v0.30.0 h1:PQ39fJZ+mfadBm0y5WlL4vlM7Sx1Hgf13sMIY2+QS9Y=
golang.org/x/term v0.30.0/go.mod h1:NYYFdzHoI5wRh/h5tDMdMqCqPJZEuNqVR5xJLd/n67g=
golang.org/x/xerrors v0.0.0-20191204190536-9bdfabe68543/go.mod h1:I/5z698sn9Ka8TeJc9MKroUUfqBBauWjQqLJ2OPfmY0=
gopkg.in/check.v1 v0.0.0-20161208181325-20d25e280405/go.mod h1:Co6ibVJAznAaIkqp8huTwlJQCZ016jof/cbN4VW5Yz0=
gopkg.in/yaml.v3 v3.0.0-20200313102051-9f266ea9e77c/go.mod h1:K4uyk7z7BCEPqu6E+C64Yfv1cQ7kz7rIZviUmN+EgEM=
gopkg.in/yaml.v3 v3.0.1 h1:fxVm/GzAzEWqLHuvctI91KS9hhNmmWOoWu0XTYJS7CA=
gopkg.in/yaml.v3 v3.0.1/go.mod h1:K4uyk7z7BCEPqu6E+C64Yfv1cQ7kz7rIZviUmN+EgEM=
gotest.tools v2.2.0+incompatible/go.mod h1:DsYFclhRJ6vuDpmuTbkuFWG+y2sxOXAzmJt81HFBacw=
